// !$*UTF8*$!
{
	archiveVersion = 1;
	classes = {
	};
	objectVersion = 50;
	objects = {

/* Begin PBXBuildFile section */
		4165C0A526CFC944006864F0 /* TutorialApp.swift in Sources */ = {isa = PBXBuildFile; fileRef = 4165C0A426CFC944006864F0 /* TutorialApp.swift */; };
		4165C0A726CFC944006864F0 /* ContentView.swift in Sources */ = {isa = PBXBuildFile; fileRef = 4165C0A626CFC944006864F0 /* ContentView.swift */; };
		4165C0A926CFC945006864F0 /* Assets.xcassets in Resources */ = {isa = PBXBuildFile; fileRef = 4165C0A826CFC945006864F0 /* Assets.xcassets */; };
		4165C0AC26CFC945006864F0 /* Preview Assets.xcassets in Resources */ = {isa = PBXBuildFile; fileRef = 4165C0AB26CFC945006864F0 /* Preview Assets.xcassets */; };
		4165C0B826CFC945006864F0 /* TutorialTests.swift in Sources */ = {isa = PBXBuildFile; fileRef = 4165C0B726CFC945006864F0 /* TutorialTests.swift */; };
		4165C0C326CFC945006864F0 /* TutorialUITests.swift in Sources */ = {isa = PBXBuildFile; fileRef = 4165C0C226CFC945006864F0 /* TutorialUITests.swift */; };
/* End PBXBuildFile section */

/* Begin PBXContainerItemProxy section */
		4165C0B426CFC945006864F0 /* PBXContainerItemProxy */ = {
			isa = PBXContainerItemProxy;
			containerPortal = 4165C09926CFC943006864F0 /* Project object */;
			proxyType = 1;
			remoteGlobalIDString = 4165C0A026CFC943006864F0;
			remoteInfo = Tutorial;
		};
		4165C0BF26CFC945006864F0 /* PBXContainerItemProxy */ = {
			isa = PBXContainerItemProxy;
			containerPortal = 4165C09926CFC943006864F0 /* Project object */;
			proxyType = 1;
			remoteGlobalIDString = 4165C0A026CFC943006864F0;
			remoteInfo = Tutorial;
		};
/* End PBXContainerItemProxy section */

/* Begin PBXFileReference section */
		4165C0A126CFC943006864F0 /* Tutorial.app */ = {isa = PBXFileReference; explicitFileType = wrapper.application; includeInIndex = 0; path = Tutorial.app; sourceTree = BUILT_PRODUCTS_DIR; };
		4165C0A426CFC944006864F0 /* TutorialApp.swift */ = {isa = PBXFileReference; lastKnownFileType = sourcecode.swift; path = TutorialApp.swift; sourceTree = "<group>"; };
		4165C0A626CFC944006864F0 /* ContentView.swift */ = {isa = PBXFileReference; lastKnownFileType = sourcecode.swift; path = ContentView.swift; sourceTree = "<group>"; };
		4165C0A826CFC945006864F0 /* Assets.xcassets */ = {isa = PBXFileReference; lastKnownFileType = folder.assetcatalog; path = Assets.xcassets; sourceTree = "<group>"; };
		4165C0AB26CFC945006864F0 /* Preview Assets.xcassets */ = {isa = PBXFileReference; lastKnownFileType = folder.assetcatalog; path = "Preview Assets.xcassets"; sourceTree = "<group>"; };
		4165C0AD26CFC945006864F0 /* Info.plist */ = {isa = PBXFileReference; lastKnownFileType = text.plist.xml; path = Info.plist; sourceTree = "<group>"; };
		4165C0AE26CFC945006864F0 /* Tutorial.entitlements */ = {isa = PBXFileReference; lastKnownFileType = text.plist.entitlements; path = Tutorial.entitlements; sourceTree = "<group>"; };
		4165C0B326CFC945006864F0 /* TutorialTests.xctest */ = {isa = PBXFileReference; explicitFileType = wrapper.cfbundle; includeInIndex = 0; path = TutorialTests.xctest; sourceTree = BUILT_PRODUCTS_DIR; };
		4165C0B726CFC945006864F0 /* TutorialTests.swift */ = {isa = PBXFileReference; lastKnownFileType = sourcecode.swift; path = TutorialTests.swift; sourceTree = "<group>"; };
		4165C0B926CFC945006864F0 /* Info.plist */ = {isa = PBXFileReference; lastKnownFileType = text.plist.xml; path = Info.plist; sourceTree = "<group>"; };
		4165C0BE26CFC945006864F0 /* TutorialUITests.xctest */ = {isa = PBXFileReference; explicitFileType = wrapper.cfbundle; includeInIndex = 0; path = TutorialUITests.xctest; sourceTree = BUILT_PRODUCTS_DIR; };
		4165C0C226CFC945006864F0 /* TutorialUITests.swift */ = {isa = PBXFileReference; lastKnownFileType = sourcecode.swift; path = TutorialUITests.swift; sourceTree = "<group>"; };
		4165C0C426CFC945006864F0 /* Info.plist */ = {isa = PBXFileReference; lastKnownFileType = text.plist.xml; path = Info.plist; sourceTree = "<group>"; };
/* End PBXFileReference section */

/* Begin PBXFrameworksBuildPhase section */
		4165C09E26CFC943006864F0 /* Frameworks */ = {
			isa = PBXFrameworksBuildPhase;
			buildActionMask = 2147483647;
			files = (
			);
			runOnlyForDeploymentPostprocessing = 0;
		};
		4165C0B026CFC945006864F0 /* Frameworks */ = {
			isa = PBXFrameworksBuildPhase;
			buildActionMask = 2147483647;
			files = (
			);
			runOnlyForDeploymentPostprocessing = 0;
		};
		4165C0BB26CFC945006864F0 /* Frameworks */ = {
			isa = PBXFrameworksBuildPhase;
			buildActionMask = 2147483647;
			files = (
			);
			runOnlyForDeploymentPostprocessing = 0;
		};
/* End PBXFrameworksBuildPhase section */

/* Begin PBXGroup section */
		4165C09826CFC943006864F0 = {
			isa = PBXGroup;
			children = (
				4165C0A326CFC944006864F0 /* Tutorial */,
				4165C0B626CFC945006864F0 /* TutorialTests */,
				4165C0C126CFC945006864F0 /* TutorialUITests */,
				4165C0A226CFC944006864F0 /* Products */,
			);
			sourceTree = "<group>";
		};
		4165C0A226CFC944006864F0 /* Products */ = {
			isa = PBXGroup;
			children = (
				4165C0A126CFC943006864F0 /* Tutorial.app */,
				4165C0B326CFC945006864F0 /* TutorialTests.xctest */,
				4165C0BE26CFC945006864F0 /* TutorialUITests.xctest */,
			);
			name = Products;
			sourceTree = "<group>";
		};
		4165C0A326CFC944006864F0 /* Tutorial */ = {
			isa = PBXGroup;
			children = (
				4165C0A426CFC944006864F0 /* TutorialApp.swift */,
				4165C0A626CFC944006864F0 /* ContentView.swift */,
				4165C0A826CFC945006864F0 /* Assets.xcassets */,
				4165C0AD26CFC945006864F0 /* Info.plist */,
				4165C0AE26CFC945006864F0 /* Tutorial.entitlements */,
				4165C0AA26CFC945006864F0 /* Preview Content */,
			);
			path = Tutorial;
			sourceTree = "<group>";
		};
		4165C0AA26CFC945006864F0 /* Preview Content */ = {
			isa = PBXGroup;
			children = (
				4165C0AB26CFC945006864F0 /* Preview Assets.xcassets */,
			);
			path = "Preview Content";
			sourceTree = "<group>";
		};
		4165C0B626CFC945006864F0 /* TutorialTests */ = {
			isa = PBXGroup;
			children = (
				4165C0B726CFC945006864F0 /* TutorialTests.swift */,
				4165C0B926CFC945006864F0 /* Info.plist */,
			);
			path = TutorialTests;
			sourceTree = "<group>";
		};
		4165C0C126CFC945006864F0 /* TutorialUITests */ = {
			isa = PBXGroup;
			children = (
				4165C0C226CFC945006864F0 /* TutorialUITests.swift */,
				4165C0C426CFC945006864F0 /* Info.plist */,
			);
			path = TutorialUITests;
			sourceTree = "<group>";
		};
/* End PBXGroup section */

/* Begin PBXNativeTarget section */
		4165C0A026CFC943006864F0 /* Tutorial */ = {
			isa = PBXNativeTarget;
			buildConfigurationList = 4165C0C726CFC945006864F0 /* Build configuration list for PBXNativeTarget "Tutorial" */;
			buildPhases = (
				4165C09D26CFC943006864F0 /* Sources */,
				4165C09E26CFC943006864F0 /* Frameworks */,
				4165C09F26CFC943006864F0 /* Resources */,
			);
			buildRules = (
			);
			dependencies = (
			);
			name = Tutorial;
			productName = Tutorial;
			productReference = 4165C0A126CFC943006864F0 /* Tutorial.app */;
			productType = "com.apple.product-type.application";
		};
		4165C0B226CFC945006864F0 /* TutorialTests */ = {
			isa = PBXNativeTarget;
			buildConfigurationList = 4165C0CA26CFC945006864F0 /* Build configuration list for PBXNativeTarget "TutorialTests" */;
			buildPhases = (
				4165C0AF26CFC945006864F0 /* Sources */,
				4165C0B026CFC945006864F0 /* Frameworks */,
				4165C0B126CFC945006864F0 /* Resources */,
			);
			buildRules = (
			);
			dependencies = (
				4165C0B526CFC945006864F0 /* PBXTargetDependency */,
			);
			name = TutorialTests;
			productName = TutorialTests;
			productReference = 4165C0B326CFC945006864F0 /* TutorialTests.xctest */;
			productType = "com.apple.product-type.bundle.unit-test";
		};
		4165C0BD26CFC945006864F0 /* TutorialUITests */ = {
			isa = PBXNativeTarget;
			buildConfigurationList = 4165C0CD26CFC945006864F0 /* Build configuration list for PBXNativeTarget "TutorialUITests" */;
			buildPhases = (
				4165C0BA26CFC945006864F0 /* Sources */,
				4165C0BB26CFC945006864F0 /* Frameworks */,
				4165C0BC26CFC945006864F0 /* Resources */,
			);
			buildRules = (
			);
			dependencies = (
				4165C0C026CFC945006864F0 /* PBXTargetDependency */,
			);
			name = TutorialUITests;
			productName = TutorialUITests;
			productReference = 4165C0BE26CFC945006864F0 /* TutorialUITests.xctest */;
			productType = "com.apple.product-type.bundle.ui-testing";
		};
/* End PBXNativeTarget section */

/* Begin PBXProject section */
		4165C09926CFC943006864F0 /* Project object */ = {
			isa = PBXProject;
			attributes = {
				LastSwiftUpdateCheck = 1250;
				LastUpgradeCheck = 1250;
				TargetAttributes = {
					4165C0A026CFC943006864F0 = {
						CreatedOnToolsVersion = 12.5.1;
					};
					4165C0B226CFC945006864F0 = {
						CreatedOnToolsVersion = 12.5.1;
						TestTargetID = 4165C0A026CFC943006864F0;
					};
					4165C0BD26CFC945006864F0 = {
						CreatedOnToolsVersion = 12.5.1;
						TestTargetID = 4165C0A026CFC943006864F0;
					};
				};
			};
			buildConfigurationList = 4165C09C26CFC943006864F0 /* Build configuration list for PBXProject "Tutorial" */;
			compatibilityVersion = "Xcode 9.3";
			developmentRegion = en;
			hasScannedForEncodings = 0;
			knownRegions = (
				en,
				Base,
			);
			mainGroup = 4165C09826CFC943006864F0;
			productRefGroup = 4165C0A226CFC944006864F0 /* Products */;
			projectDirPath = "";
			projectRoot = "";
			targets = (
				4165C0A026CFC943006864F0 /* Tutorial */,
				4165C0B226CFC945006864F0 /* TutorialTests */,
				4165C0BD26CFC945006864F0 /* TutorialUITests */,
			);
		};
/* End PBXProject section */

/* Begin PBXResourcesBuildPhase section */
		4165C09F26CFC943006864F0 /* Resources */ = {
			isa = PBXResourcesBuildPhase;
			buildActionMask = 2147483647;
			files = (
				4165C0AC26CFC945006864F0 /* Preview Assets.xcassets in Resources */,
				4165C0A926CFC945006864F0 /* Assets.xcassets in Resources */,
			);
			runOnlyForDeploymentPostprocessing = 0;
		};
		4165C0B126CFC945006864F0 /* Resources */ = {
			isa = PBXResourcesBuildPhase;
			buildActionMask = 2147483647;
			files = (
			);
			runOnlyForDeploymentPostprocessing = 0;
		};
		4165C0BC26CFC945006864F0 /* Resources */ = {
			isa = PBXResourcesBuildPhase;
			buildActionMask = 2147483647;
			files = (
			);
			runOnlyForDeploymentPostprocessing = 0;
		};
/* End PBXResourcesBuildPhase section */

/* Begin PBXSourcesBuildPhase section */
		4165C09D26CFC943006864F0 /* Sources */ = {
			isa = PBXSourcesBuildPhase;
			buildActionMask = 2147483647;
			files = (
				4165C0A726CFC944006864F0 /* ContentView.swift in Sources */,
				4165C0A526CFC944006864F0 /* TutorialApp.swift in Sources */,
			);
			runOnlyForDeploymentPostprocessing = 0;
		};
		4165C0AF26CFC945006864F0 /* Sources */ = {
			isa = PBXSourcesBuildPhase;
			buildActionMask = 2147483647;
			files = (
				4165C0B826CFC945006864F0 /* TutorialTests.swift in Sources */,
			);
			runOnlyForDeploymentPostprocessing = 0;
		};
		4165C0BA26CFC945006864F0 /* Sources */ = {
			isa = PBXSourcesBuildPhase;
			buildActionMask = 2147483647;
			files = (
				4165C0C326CFC945006864F0 /* TutorialUITests.swift in Sources */,
			);
			runOnlyForDeploymentPostprocessing = 0;
		};
/* End PBXSourcesBuildPhase section */

/* Begin PBXTargetDependency section */
		4165C0B526CFC945006864F0 /* PBXTargetDependency */ = {
			isa = PBXTargetDependency;
			target = 4165C0A026CFC943006864F0 /* Tutorial */;
			targetProxy = 4165C0B426CFC945006864F0 /* PBXContainerItemProxy */;
		};
		4165C0C026CFC945006864F0 /* PBXTargetDependency */ = {
			isa = PBXTargetDependency;
			target = 4165C0A026CFC943006864F0 /* Tutorial */;
			targetProxy = 4165C0BF26CFC945006864F0 /* PBXContainerItemProxy */;
		};
/* End PBXTargetDependency section */

/* Begin XCBuildConfiguration section */
		4165C0C526CFC945006864F0 /* Debug */ = {
			isa = XCBuildConfiguration;
			buildSettings = {
				ALWAYS_SEARCH_USER_PATHS = NO;
				CLANG_ANALYZER_NONNULL = YES;
				CLANG_ANALYZER_NUMBER_OBJECT_CONVERSION = YES_AGGRESSIVE;
				CLANG_CXX_LANGUAGE_STANDARD = "gnu++14";
				CLANG_CXX_LIBRARY = "libc++";
				CLANG_ENABLE_MODULES = YES;
				CLANG_ENABLE_OBJC_ARC = YES;
				CLANG_ENABLE_OBJC_WEAK = YES;
				CLANG_WARN_BLOCK_CAPTURE_AUTORELEASING = YES;
				CLANG_WARN_BOOL_CONVERSION = YES;
				CLANG_WARN_COMMA = YES;
				CLANG_WARN_CONSTANT_CONVERSION = YES;
				CLANG_WARN_DEPRECATED_OBJC_IMPLEMENTATIONS = YES;
				CLANG_WARN_DIRECT_OBJC_ISA_USAGE = YES_ERROR;
				CLANG_WARN_DOCUMENTATION_COMMENTS = YES;
				CLANG_WARN_EMPTY_BODY = YES;
				CLANG_WARN_ENUM_CONVERSION = YES;
				CLANG_WARN_INFINITE_RECURSION = YES;
				CLANG_WARN_INT_CONVERSION = YES;
				CLANG_WARN_NON_LITERAL_NULL_CONVERSION = YES;
				CLANG_WARN_OBJC_IMPLICIT_RETAIN_SELF = YES;
				CLANG_WARN_OBJC_LITERAL_CONVERSION = YES;
				CLANG_WARN_OBJC_ROOT_CLASS = YES_ERROR;
				CLANG_WARN_QUOTED_INCLUDE_IN_FRAMEWORK_HEADER = YES;
				CLANG_WARN_RANGE_LOOP_ANALYSIS = YES;
				CLANG_WARN_STRICT_PROTOTYPES = YES;
				CLANG_WARN_SUSPICIOUS_MOVE = YES;
				CLANG_WARN_UNGUARDED_AVAILABILITY = YES_AGGRESSIVE;
				CLANG_WARN_UNREACHABLE_CODE = YES;
				CLANG_WARN__DUPLICATE_METHOD_MATCH = YES;
				COPY_PHASE_STRIP = NO;
				DEBUG_INFORMATION_FORMAT = dwarf;
				ENABLE_STRICT_OBJC_MSGSEND = YES;
				ENABLE_TESTABILITY = YES;
				GCC_C_LANGUAGE_STANDARD = gnu11;
				GCC_DYNAMIC_NO_PIC = NO;
				GCC_NO_COMMON_BLOCKS = YES;
				GCC_OPTIMIZATION_LEVEL = 0;
				GCC_PREPROCESSOR_DEFINITIONS = (
					"DEBUG=1",
					"$(inherited)",
				);
				GCC_WARN_64_TO_32_BIT_CONVERSION = YES;
				GCC_WARN_ABOUT_RETURN_TYPE = YES_ERROR;
				GCC_WARN_UNDECLARED_SELECTOR = YES;
				GCC_WARN_UNINITIALIZED_AUTOS = YES_AGGRESSIVE;
				GCC_WARN_UNUSED_FUNCTION = YES;
				GCC_WARN_UNUSED_VARIABLE = YES;
				MACOSX_DEPLOYMENT_TARGET = 11.3;
				MTL_ENABLE_DEBUG_INFO = INCLUDE_SOURCE;
				MTL_FAST_MATH = YES;
				ONLY_ACTIVE_ARCH = YES;
				SDKROOT = macosx;
				SWIFT_ACTIVE_COMPILATION_CONDITIONS = DEBUG;
				SWIFT_OPTIMIZATION_LEVEL = "-Onone";
			};
			name = Debug;
		};
		4165C0C626CFC945006864F0 /* Release */ = {
			isa = XCBuildConfiguration;
			buildSettings = {
				ALWAYS_SEARCH_USER_PATHS = NO;
				CLANG_ANALYZER_NONNULL = YES;
				CLANG_ANALYZER_NUMBER_OBJECT_CONVERSION = YES_AGGRESSIVE;
				CLANG_CXX_LANGUAGE_STANDARD = "gnu++14";
				CLANG_CXX_LIBRARY = "libc++";
				CLANG_ENABLE_MODULES = YES;
				CLANG_ENABLE_OBJC_ARC = YES;
				CLANG_ENABLE_OBJC_WEAK = YES;
				CLANG_WARN_BLOCK_CAPTURE_AUTORELEASING = YES;
				CLANG_WARN_BOOL_CONVERSION = YES;
				CLANG_WARN_COMMA = YES;
				CLANG_WARN_CONSTANT_CONVERSION = YES;
				CLANG_WARN_DEPRECATED_OBJC_IMPLEMENTATIONS = YES;
				CLANG_WARN_DIRECT_OBJC_ISA_USAGE = YES_ERROR;
				CLANG_WARN_DOCUMENTATION_COMMENTS = YES;
				CLANG_WARN_EMPTY_BODY = YES;
				CLANG_WARN_ENUM_CONVERSION = YES;
				CLANG_WARN_INFINITE_RECURSION = YES;
				CLANG_WARN_INT_CONVERSION = YES;
				CLANG_WARN_NON_LITERAL_NULL_CONVERSION = YES;
				CLANG_WARN_OBJC_IMPLICIT_RETAIN_SELF = YES;
				CLANG_WARN_OBJC_LITERAL_CONVERSION = YES;
				CLANG_WARN_OBJC_ROOT_CLASS = YES_ERROR;
				CLANG_WARN_QUOTED_INCLUDE_IN_FRAMEWORK_HEADER = YES;
				CLANG_WARN_RANGE_LOOP_ANALYSIS = YES;
				CLANG_WARN_STRICT_PROTOTYPES = YES;
				CLANG_WARN_SUSPICIOUS_MOVE = YES;
				CLANG_WARN_UNGUARDED_AVAILABILITY = YES_AGGRESSIVE;
				CLANG_WARN_UNREACHABLE_CODE = YES;
				CLANG_WARN__DUPLICATE_METHOD_MATCH = YES;
				COPY_PHASE_STRIP = NO;
				DEBUG_INFORMATION_FORMAT = "dwarf-with-dsym";
				ENABLE_NS_ASSERTIONS = NO;
				ENABLE_STRICT_OBJC_MSGSEND = YES;
				GCC_C_LANGUAGE_STANDARD = gnu11;
				GCC_NO_COMMON_BLOCKS = YES;
				GCC_WARN_64_TO_32_BIT_CONVERSION = YES;
				GCC_WARN_ABOUT_RETURN_TYPE = YES_ERROR;
				GCC_WARN_UNDECLARED_SELECTOR = YES;
				GCC_WARN_UNINITIALIZED_AUTOS = YES_AGGRESSIVE;
				GCC_WARN_UNUSED_FUNCTION = YES;
				GCC_WARN_UNUSED_VARIABLE = YES;
				MACOSX_DEPLOYMENT_TARGET = 11.3;
				MTL_ENABLE_DEBUG_INFO = NO;
				MTL_FAST_MATH = YES;
				SDKROOT = macosx;
				SWIFT_COMPILATION_MODE = wholemodule;
				SWIFT_OPTIMIZATION_LEVEL = "-O";
			};
			name = Release;
		};
		4165C0C826CFC945006864F0 /* Debug */ = {
			isa = XCBuildConfiguration;
			buildSettings = {
				ASSETCATALOG_COMPILER_APPICON_NAME = AppIcon;
				ASSETCATALOG_COMPILER_GLOBAL_ACCENT_COLOR_NAME = AccentColor;
				CODE_SIGN_ENTITLEMENTS = Tutorial/Tutorial.entitlements;
				CODE_SIGN_STYLE = Automatic;
				COMBINE_HIDPI_IMAGES = YES;
				DEVELOPMENT_ASSET_PATHS = "\"Tutorial/Preview Content\"";
				DEVELOPMENT_TEAM = A6MB68B7UT;
				ENABLE_HARDENED_RUNTIME = YES;
				ENABLE_PREVIEWS = YES;
				INFOPLIST_FILE = Tutorial/Info.plist;
				LD_RUNPATH_SEARCH_PATHS = (
					"$(inherited)",
					"@executable_path/../Frameworks",
				);
				MACOSX_DEPLOYMENT_TARGET = 11.0;
				PRODUCT_BUNDLE_IDENTIFIER = MadScience.Tutorial;
				PRODUCT_NAME = "$(TARGET_NAME)";
				SWIFT_VERSION = 5.0;
			};
			name = Debug;
		};
		4165C0C926CFC945006864F0 /* Release */ = {
			isa = XCBuildConfiguration;
			buildSettings = {
				ASSETCATALOG_COMPILER_APPICON_NAME = AppIcon;
				ASSETCATALOG_COMPILER_GLOBAL_ACCENT_COLOR_NAME = AccentColor;
				CODE_SIGN_ENTITLEMENTS = Tutorial/Tutorial.entitlements;
				CODE_SIGN_STYLE = Automatic;
				COMBINE_HIDPI_IMAGES = YES;
				DEVELOPMENT_ASSET_PATHS = "\"Tutorial/Preview Content\"";
				DEVELOPMENT_TEAM = A6MB68B7UT;
				ENABLE_HARDENED_RUNTIME = YES;
				ENABLE_PREVIEWS = YES;
				INFOPLIST_FILE = Tutorial/Info.plist;
				LD_RUNPATH_SEARCH_PATHS = (
					"$(inherited)",
					"@executable_path/../Frameworks",
				);
				MACOSX_DEPLOYMENT_TARGET = 11.0;
				PRODUCT_BUNDLE_IDENTIFIER = MadScience.Tutorial;
				PRODUCT_NAME = "$(TARGET_NAME)";
				SWIFT_VERSION = 5.0;
			};
			name = Release;
		};
		4165C0CB26CFC945006864F0 /* Debug */ = {
			isa = XCBuildConfiguration;
			buildSettings = {
				ALWAYS_EMBED_SWIFT_STANDARD_LIBRARIES = YES;
				BUNDLE_LOADER = "$(TEST_HOST)";
				CODE_SIGN_STYLE = Automatic;
				COMBINE_HIDPI_IMAGES = YES;
				DEVELOPMENT_TEAM = A6MB68B7UT;
				INFOPLIST_FILE = TutorialTests/Info.plist;
				LD_RUNPATH_SEARCH_PATHS = (
					"$(inherited)",
					"@executable_path/../Frameworks",
					"@loader_path/../Frameworks",
				);
				MACOSX_DEPLOYMENT_TARGET = 11.0;
				PRODUCT_BUNDLE_IDENTIFIER = MadScience.TutorialTests;
				PRODUCT_NAME = "$(TARGET_NAME)";
				SWIFT_VERSION = 5.0;
				TEST_HOST = "$(BUILT_PRODUCTS_DIR)/Tutorial.app/Contents/MacOS/Tutorial";
			};
			name = Debug;
		};
		4165C0CC26CFC945006864F0 /* Release */ = {
			isa = XCBuildConfiguration;
			buildSettings = {
				ALWAYS_EMBED_SWIFT_STANDARD_LIBRARIES = YES;
				BUNDLE_LOADER = "$(TEST_HOST)";
				CODE_SIGN_STYLE = Automatic;
				COMBINE_HIDPI_IMAGES = YES;
				DEVELOPMENT_TEAM = A6MB68B7UT;
				INFOPLIST_FILE = TutorialTests/Info.plist;
				LD_RUNPATH_SEARCH_PATHS = (
					"$(inherited)",
					"@executable_path/../Frameworks",
					"@loader_path/../Frameworks",
				);
				MACOSX_DEPLOYMENT_TARGET = 11.0;
				PRODUCT_BUNDLE_IDENTIFIER = MadScience.TutorialTests;
				PRODUCT_NAME = "$(TARGET_NAME)";
				SWIFT_VERSION = 5.0;
				TEST_HOST = "$(BUILT_PRODUCTS_DIR)/Tutorial.app/Contents/MacOS/Tutorial";
			};
			name = Release;
		};
		4165C0CE26CFC945006864F0 /* Debug */ = {
			isa = XCBuildConfiguration;
			buildSettings = {
				ALWAYS_EMBED_SWIFT_STANDARD_LIBRARIES = YES;
				CODE_SIGN_STYLE = Automatic;
				COMBINE_HIDPI_IMAGES = YES;
				DEVELOPMENT_TEAM = A6MB68B7UT;
				INFOPLIST_FILE = TutorialUITests/Info.plist;
				LD_RUNPATH_SEARCH_PATHS = (
					"$(inherited)",
					"@executable_path/../Frameworks",
					"@loader_path/../Frameworks",
				);
				PRODUCT_BUNDLE_IDENTIFIER = MadScience.TutorialUITests;
				PRODUCT_NAME = "$(TARGET_NAME)";
				SWIFT_VERSION = 5.0;
				TEST_TARGET_NAME = Tutorial;
			};
			name = Debug;
		};
		4165C0CF26CFC945006864F0 /* Release */ = {
			isa = XCBuildConfiguration;
			buildSettings = {
				ALWAYS_EMBED_SWIFT_STANDARD_LIBRARIES = YES;
				CODE_SIGN_STYLE = Automatic;
				COMBINE_HIDPI_IMAGES = YES;
				DEVELOPMENT_TEAM = A6MB68B7UT;
				INFOPLIST_FILE = TutorialUITests/Info.plist;
				LD_RUNPATH_SEARCH_PATHS = (
					"$(inherited)",
					"@executable_path/../Frameworks",
					"@loader_path/../Frameworks",
				);
				PRODUCT_BUNDLE_IDENTIFIER = MadScience.TutorialUITests;
				PRODUCT_NAME = "$(TARGET_NAME)";
				SWIFT_VERSION = 5.0;
				TEST_TARGET_NAME = Tutorial;
			};
			name = Release;
		};
/* End XCBuildConfiguration section */

/* Begin XCConfigurationList section */
		4165C09C26CFC943006864F0 /* Build configuration list for PBXProject "Tutorial" */ = {
			isa = XCConfigurationList;
			buildConfigurations = (
				4165C0C526CFC945006864F0 /* Debug */,
				4165C0C626CFC945006864F0 /* Release */,
			);
			defaultConfigurationIsVisible = 0;
			defaultConfigurationName = Release;
		};
		4165C0C726CFC945006864F0 /* Build configuration list for PBXNativeTarget "Tutorial" */ = {
			isa = XCConfigurationList;
			buildConfigurations = (
				4165C0C826CFC945006864F0 /* Debug */,
				4165C0C926CFC945006864F0 /* Release */,
			);
			defaultConfigurationIsVisible = 0;
			defaultConfigurationName = Release;
		};
		4165C0CA26CFC945006864F0 /* Build configuration list for PBXNativeTarget "TutorialTests" */ = {
			isa = XCConfigurationList;
			buildConfigurations = (
				4165C0CB26CFC945006864F0 /* Debug */,
				4165C0CC26CFC945006864F0 /* Release */,
			);
			defaultConfigurationIsVisible = 0;
			defaultConfigurationName = Release;
		};
		4165C0CD26CFC945006864F0 /* Build configuration list for PBXNativeTarget "TutorialUITests" */ = {
			isa = XCConfigurationList;
			buildConfigurations = (
				4165C0CE26CFC945006864F0 /* Debug */,
				4165C0CF26CFC945006864F0 /* Release */,
			);
			defaultConfigurationIsVisible = 0;
			defaultConfigurationName = Release;
		};
/* End XCConfigurationList section */
	};
	rootObject = 4165C09926CFC943006864F0 /* Project object */;
}
